
Microsoft Visual Studio Solution File, Format Version 12.00
# Visual Studio Version 16
VisualStudioVersion = 16.0.31105.61
MinimumVisualStudioVersion = 10.0.40219.1
Project("{FAE04EC0-301F-11D3-BF4B-00C04F79EFBC}") = "Notee.Android", "Notee\Notee.Android\Notee.Android.csproj", "{7EC4CE58-BCC3-414C-B241-7BCC2B06EEB9}"
EndProject
Project("{FAE04EC0-301F-11D3-BF4B-00C04F79EFBC}") = "Notee", "Notee\Notee\Notee.csproj", "{6824F14A-6CC3-4169-A5BB-0D3DDC58A89B}"
EndProject
Global
	GlobalSection(SolutionConfigurationPlatforms) = preSolution
		Debug|Any CPU = Debug|Any CPU
		Release|Any CPU = Release|Any CPU
	EndGlobalSection
	GlobalSection(ProjectConfigurationPlatforms) = postSolution
		{7EC4CE58-BCC3-414C-B241-7BCC2B06EEB9}.Debug|Any CPU.ActiveCfg = Debug|Any CPU
		{7EC4CE58-BCC3-414C-B241-7BCC2B06EEB9}.Debug|Any CPU.Build.0 = Debug|Any CPU
		{7EC4CE58-BCC3-414C-B241-7BCC2B06EEB9}.Debug|Any CPU.Deploy.0 = Debug|Any CPU
		{7EC4CE58-BCC3-414C-B241-7BCC2B06EEB9}.Release|Any CPU.ActiveCfg = Release|Any CPU
		{7EC4CE58-BCC3-414C-B241-7BCC2B06EEB9}.Release|Any CPU.Build.0 = Release|Any CPU
		{7EC4CE58-BCC3-414C-B241-7BCC2B06EEB9}.Release|Any CPU.Deploy.0 = Release|Any CPU
		{6824F14A-6CC3-4169-A5BB-0D3DDC58A89B}.Debug|Any CPU.ActiveCfg = Debug|Any CPU
		{6824F14A-6CC3-4169-A5BB-0D3DDC58A89B}.Debug|Any CPU.Build.0 = Debug|Any CPU
		{6824F14A-6CC3-4169-A5BB-0D3DDC58A89B}.Debug|Any CPU.Deploy.0 = Debug|Any CPU
		{6824F14A-6CC3-4169-A5BB-0D3DDC58A89B}.Release|Any CPU.ActiveCfg = Release|Any CPU
		{6824F14A-6CC3-4169-A5BB-0D3DDC58A89B}.Release|Any CPU.Build.0 = Release|Any CPU
		{6824F14A-6CC3-4169-A5BB-0D3DDC58A89B}.Release|Any CPU.Deploy.0 = Release|Any CPU
	EndGlobalSection
	GlobalSection(SolutionProperties) = preSolution
		HideSolutionNode = FALSE
	EndGlobalSection
	GlobalSection(ExtensibilityGlobals) = postSolution
		SolutionGuid = {A443C298-FF2B-48F2-B12B-A704383B0AFB}
	EndGlobalSection
EndGlobal
